Microsoft Visual Studio Solution File, Format Version 12.00
# Visual Studio 2012
Project("{FAE04EC0-301F-11D3-BF4B-00C04F79EFBC}") = "GodotInterfacesTest", "GodotInterfacesTest.csproj", "{7CD30EF5-FDF9-4AB4-BEE5-CA16402E1220}"
EndProject
Global
	GlobalSection(SolutionConfigurationPlatforms) = preSolution
	Debug|Any CPU = Debug|Any CPU
	ExportDebug|Any CPU = ExportDebug|Any CPU
	ExportRelease|Any CPU = ExportRelease|Any CPU
	EndGlobalSection
	GlobalSection(ProjectConfigurationPlatforms) = postSolution
		{7CD30EF5-FDF9-4AB4-BEE5-CA16402E1220}.Debug|Any CPU.ActiveCfg = Debug|Any CPU
		{7CD30EF5-FDF9-4AB4-BEE5-CA16402E1220}.Debug|Any CPU.Build.0 = Debug|Any CPU
		{7CD30EF5-FDF9-4AB4-BEE5-CA16402E1220}.ExportDebug|Any CPU.ActiveCfg = ExportDebug|Any CPU
		{7CD30EF5-FDF9-4AB4-BEE5-CA16402E1220}.ExportDebug|Any CPU.Build.0 = ExportDebug|Any CPU
		{7CD30EF5-FDF9-4AB4-BEE5-CA16402E1220}.ExportRelease|Any CPU.ActiveCfg = ExportRelease|Any CPU
		{7CD30EF5-FDF9-4AB4-BEE5-CA16402E1220}.ExportRelease|Any CPU.Build.0 = ExportRelease|Any CPU
	EndGlobalSection
EndGlobal
